// !$*UTF8*$!
{
	archiveVersion = 1;
	classes = {
	};
	objectVersion = 50;
	objects = {

/* Begin PBXBuildFile section */
		95958E71255BF65E00ED8081 /* AppDelegate.swift in Sources */ = {isa = PBXBuildFile; fileRef = 95958E70255BF65E00ED8081 /* AppDelegate.swift */; };
		95958E73255BF65E00ED8081 /* SceneDelegate.swift in Sources */ = {isa = PBXBuildFile; fileRef = 95958E72255BF65E00ED8081 /* SceneDelegate.swift */; };
		95958E75255BF65E00ED8081 /* ViewController.swift in Sources */ = {isa = PBXBuildFile; fileRef = 95958E74255BF65E00ED8081 /* ViewController.swift */; };
		95958E78255BF65E00ED8081 /* Main.storyboard in Resources */ = {isa = PBXBuildFile; fileRef = 95958E76255BF65E00ED8081 /* Main.storyboard */; };
		95958E7A255BF66000ED8081 /* Assets.xcassets in Resources */ = {isa = PBXBuildFile; fileRef = 95958E79255BF66000ED8081 /* Assets.xcassets */; };
		95958E7D255BF66000ED8081 /* LaunchScreen.storyboard in Resources */ = {isa = PBXBuildFile; fileRef = 95958E7B255BF66000ED8081 /* LaunchScreen.storyboard */; };
/* End PBXBuildFile section */

/* Begin PBXFileReference section */
		95958E6D255BF65E00ED8081 /* la mia prima app.app */ = {isa = PBXFileReference; explicitFileType = wrapper.application; includeInIndex = 0; path = "la mia prima app.app"; sourceTree = BUILT_PRODUCTS_DIR; };
		95958E70255BF65E00ED8081 /* AppDelegate.swift */ = {isa = PBXFileReference; lastKnownFileType = sourcecode.swift; path = AppDelegate.swift; sourceTree = "<group>"; };
		95958E72255BF65E00ED8081 /* SceneDelegate.swift */ = {isa = PBXFileReference; lastKnownFileType = sourcecode.swift; path = SceneDelegate.swift; sourceTree = "<group>"; };
		95958E74255BF65E00ED8081 /* ViewController.swift */ = {isa = PBXFileReference; lastKnownFileType = sourcecode.swift; path = ViewController.swift; sourceTree = "<group>"; };
		95958E77255BF65E00ED8081 /* Base */ = {isa = PBXFileReference; lastKnownFileType = file.storyboard; name = Base; path = Base.lproj/Main.storyboard; sourceTree = "<group>"; };
		95958E79255BF66000ED8081 /* Assets.xcassets */ = {isa = PBXFileReference; lastKnownFileType = folder.assetcatalog; path = Assets.xcassets; sourceTree = "<group>"; };
		95958E7C255BF66000ED8081 /* Base */ = {isa = PBXFileReference; lastKnownFileType = file.storyboard; name = Base; path = Base.lproj/LaunchScreen.storyboard; sourceTree = "<group>"; };
		95958E7E255BF66000ED8081 /* Info.plist */ = {isa = PBXFileReference; lastKnownFileType = text.plist.xml; path = Info.plist; sourceTree = "<group>"; };
/* End PBXFileReference section */

/* Begin PBXFrameworksBuildPhase section */
		95958E6A255BF65E00ED8081 /* Frameworks */ = {
			isa = PBXFrameworksBuildPhase;
			buildActionMask = 2147483647;
			files = (
			);
			runOnlyForDeploymentPostprocessing = 0;
		};
/* End PBXFrameworksBuildPhase section */

/* Begin PBXGroup section */
		95958E64255BF65E00ED8081 = {
			isa = PBXGroup;
			children = (
				95958E6F255BF65E00ED8081 /* la mia prima app */,
				95958E6E255BF65E00ED8081 /* Products */,
			);
			sourceTree = "<group>";
		};
		95958E6E255BF65E00ED8081 /* Products */ = {
			isa = PBXGroup;
			children = (
				95958E6D255BF65E00ED8081 /* la mia prima app.app */,
			);
			name = Products;
			sourceTree = "<group>";
		};
		95958E6F255BF65E00ED8081 /* la mia prima app */ = {
			isa = PBXGroup;
			children = (
				95958E70255BF65E00ED8081 /* AppDelegate.swift */,
				95958E72255BF65E00ED8081 /* SceneDelegate.swift */,
				95958E74255BF65E00ED8081 /* ViewController.swift */,
				95958E76255BF65E00ED8081 /* Main.storyboard */,
				95958E79255BF66000ED8081 /* Assets.xcassets */,
				95958E7B255BF66000ED8081 /* LaunchScreen.storyboard */,
				95958E7E255BF66000ED8081 /* Info.plist */,
			);
			path = "la mia prima app";
			sourceTree = "<group>";
		};
/* End PBXGroup section */

/* Begin PBXNativeTarget section */
		95958E6C255BF65E00ED8081 /* la mia prima app */ = {
			isa = PBXNativeTarget;
			buildConfigurationList = 95958E81255BF66000ED8081 /* Build configuration list for PBXNativeTarget "la mia prima app" */;
			buildPhases = (
				95958E69255BF65E00ED8081 /* Sources */,
				95958E6A255BF65E00ED8081 /* Frameworks */,
				95958E6B255BF65E00ED8081 /* Resources */,
			);
			buildRules = (
			);
			dependencies = (
			);
			name = "la mia prima app";
			productName = "la mia prima app";
			productReference = 95958E6D255BF65E00ED8081 /* la mia prima app.app */;
			productType = "com.apple.product-type.application";
		};
/* End PBXNativeTarget section */

/* Begin PBXProject section */
		95958E65255BF65E00ED8081 /* Project object */ = {
			isa = PBXProject;
			attributes = {
				LastSwiftUpdateCheck = 1210;
				LastUpgradeCheck = 1210;
				TargetAttributes = {
					95958E6C255BF65E00ED8081 = {
						CreatedOnToolsVersion = 12.1;
					};
				};
			};
			buildConfigurationList = 95958E68255BF65E00ED8081 /* Build configuration list for PBXProject "la mia prima app" */;
			compatibilityVersion = "Xcode 9.3";
			developmentRegion = en;
			hasScannedForEncodings = 0;
			knownRegions = (
				en,
				Base,
			);
			mainGroup = 95958E64255BF65E00ED8081;
			productRefGroup = 95958E6E255BF65E00ED8081 /* Products */;
			projectDirPath = "";
			projectRoot = "";
			targets = (
				95958E6C255BF65E00ED8081 /* la mia prima app */,
			);
		};
/* End PBXProject section */

/* Begin PBXResourcesBuildPhase section */
		95958E6B255BF65E00ED8081 /* Resources */ = {
			isa = PBXResourcesBuildPhase;
			buildActionMask = 2147483647;
			files = (
				95958E7D255BF66000ED8081 /* LaunchScreen.storyboard in Resources */,
				95958E7A255BF66000ED8081 /* Assets.xcassets in Resources */,
				95958E78255BF65E00ED8081 /* Main.storyboard in Resources */,
			);
			runOnlyForDeploymentPostprocessing = 0;
		};
/* End PBXResourcesBuildPhase section */

/* Begin PBXSourcesBuildPhase section */
		95958E69255BF65E00ED8081 /* Sources */ = {
			isa = PBXSourcesBuildPhase;
			buildActionMask = 2147483647;
			files = (
				95958E75255BF65E00ED8081 /* ViewController.swift in Sources */,
				95958E71255BF65E00ED8081 /* AppDelegate.swift in Sources */,
				95958E73255BF65E00ED8081 /* SceneDelegate.swift in Sources */,
			);
			runOnlyForDeploymentPostprocessing = 0;
		};
/* End PBXSourcesBuildPhase section */

/* Begin PBXVariantGroup section */
		95958E76255BF65E00ED8081 /* Main.storyboard */ = {
			isa = PBXVariantGroup;
			children = (
				95958E77255BF65E00ED8081 /* Base */,
			);
			name = Main.storyboard;
			sourceTree = "<group>";
		};
		95958E7B255BF66000ED8081 /* LaunchScreen.storyboard */ = {
			isa = PBXVariantGroup;
			children = (
				95958E7C255BF66000ED8081 /* Base */,
			);
			name = LaunchScreen.storyboard;
			sourceTree = "<group>";
		};
/* End PBXVariantGroup section */

/* Begin XCBuildConfiguration section */
		95958E7F255BF66000ED8081 /* Debug */ = {
			isa = XCBuildConfiguration;
			buildSettings = {
				ALWAYS_SEARCH_USER_PATHS = NO;
				CLANG_ANALYZER_NONNULL = YES;
				CLANG_ANALYZER_NUMBER_OBJECT_CONVERSION = YES_AGGRESSIVE;
				CLANG_CXX_LANGUAGE_STANDARD = "gnu++14";
				CLANG_CXX_LIBRARY = "libc++";
				CLANG_ENABLE_MODULES = YES;
				CLANG_ENABLE_OBJC_ARC = YES;
				CLANG_ENABLE_OBJC_WEAK = YES;
				CLANG_WARN_BLOCK_CAPTURE_AUTORELEASING = YES;
				CLANG_WARN_BOOL_CONVERSION = YES;
				CLANG_WARN_COMMA = YES;
				CLANG_WARN_CONSTANT_CONVERSION = YES;
				CLANG_WARN_DEPRECATED_OBJC_IMPLEMENTATIONS = YES;
				CLANG_WARN_DIRECT_OBJC_ISA_USAGE = YES_ERROR;
				CLANG_WARN_DOCUMENTATION_COMMENTS = YES;
				CLANG_WARN_EMPTY_BODY = YES;
				CLANG_WARN_ENUM_CONVERSION = YES;
				CLANG_WARN_INFINITE_RECURSION = YES;
				CLANG_WARN_INT_CONVERSION = YES;
				CLANG_WARN_NON_LITERAL_NULL_CONVERSION = YES;
				CLANG_WARN_OBJC_IMPLICIT_RETAIN_SELF = YES;
				CLANG_WARN_OBJC_LITERAL_CONVERSION = YES;
				CLANG_WARN_OBJC_ROOT_CLASS = YES_ERROR;
				CLANG_WARN_QUOTED_INCLUDE_IN_FRAMEWORK_HEADER = YES;
				CLANG_WARN_RANGE_LOOP_ANALYSIS = YES;
				CLANG_WARN_STRICT_PROTOTYPES = YES;
				CLANG_WARN_SUSPICIOUS_MOVE = YES;
				CLANG_WARN_UNGUARDED_AVAILABILITY = YES_AGGRESSIVE;
				CLANG_WARN_UNREACHABLE_CODE = YES;
				CLANG_WARN__DUPLICATE_METHOD_MATCH = YES;
				COPY_PHASE_STRIP = NO;
				DEBUG_INFORMATION_FORMAT = dwarf;
				ENABLE_STRICT_OBJC_MSGSEND = YES;
				ENABLE_TESTABILITY = YES;
				GCC_C_LANGUAGE_STANDARD = gnu11;
				GCC_DYNAMIC_NO_PIC = NO;
				GCC_NO_COMMON_BLOCKS = YES;
				GCC_OPTIMIZATION_LEVEL = 0;
				GCC_PREPROCESSOR_DEFINITIONS = (
					"DEBUG=1",
					"$(inherited)",
				);
				GCC_WARN_64_TO_32_BIT_CONVERSION = YES;
				GCC_WARN_ABOUT_RETURN_TYPE = YES_ERROR;
				GCC_WARN_UNDECLARED_SELECTOR = YES;
				GCC_WARN_UNINITIALIZED_AUTOS = YES_AGGRESSIVE;
				GCC_WARN_UNUSED_FUNCTION = YES;
				GCC_WARN_UNUSED_VARIABLE = YES;
				IPHONEOS_DEPLOYMENT_TARGET = 14.1;
				MTL_ENABLE_DEBUG_INFO = INCLUDE_SOURCE;
				MTL_FAST_MATH = YES;
				ONLY_ACTIVE_ARCH = YES;
				SDKROOT = iphoneos;
				SWIFT_ACTIVE_COMPILATION_CONDITIONS = DEBUG;
				SWIFT_OPTIMIZATION_LEVEL = "-Onone";
			};
			name = Debug;
		};
		95958E80255BF66000ED8081 /* Release */ = {
			isa = XCBuildConfiguration;
			buildSettings = {
				ALWAYS_SEARCH_USER_PATHS = NO;
				CLANG_ANALYZER_NONNULL = YES;
				CLANG_ANALYZER_NUMBER_OBJECT_CONVERSION = YES_AGGRESSIVE;
				CLANG_CXX_LANGUAGE_STANDARD = "gnu++14";
				CLANG_CXX_LIBRARY = "libc++";
				CLANG_ENABLE_MODULES = YES;
				CLANG_ENABLE_OBJC_ARC = YES;
				CLANG_ENABLE_OBJC_WEAK = YES;
				CLANG_WARN_BLOCK_CAPTURE_AUTORELEASING = YES;
				CLANG_WARN_BOOL_CONVERSION = YES;
				CLANG_WARN_COMMA = YES;
				CLANG_WARN_CONSTANT_CONVERSION = YES;
				CLANG_WARN_DEPRECATED_OBJC_IMPLEMENTATIONS = YES;
				CLANG_WARN_DIRECT_OBJC_ISA_USAGE = YES_ERROR;
				CLANG_WARN_DOCUMENTATION_COMMENTS = YES;
				CLANG_WARN_EMPTY_BODY = YES;
				CLANG_WARN_ENUM_CONVERSION = YES;
				CLANG_WARN_INFINITE_RECURSION = YES;
				CLANG_WARN_INT_CONVERSION = YES;
				CLANG_WARN_NON_LITERAL_NULL_CONVERSION = YES;
				CLANG_WARN_OBJC_IMPLICIT_RETAIN_SELF = YES;
				CLANG_WARN_OBJC_LITERAL_CONVERSION = YES;
				CLANG_WARN_OBJC_ROOT_CLASS = YES_ERROR;
				CLANG_WARN_QUOTED_INCLUDE_IN_FRAMEWORK_HEADER = YES;
				CLANG_WARN_RANGE_LOOP_ANALYSIS = YES;
				CLANG_WARN_STRICT_PROTOTYPES = YES;
				CLANG_WARN_SUSPICIOUS_MOVE = YES;
				CLANG_WARN_UNGUARDED_AVAILABILITY = YES_AGGRESSIVE;
				CLANG_WARN_UNREACHABLE_CODE = YES;
				CLANG_WARN__DUPLICATE_METHOD_MATCH = YES;
				COPY_PHASE_STRIP = NO;
				DEBUG_INFORMATION_FORMAT = "dwarf-with-dsym";
				ENABLE_NS_ASSERTIONS = NO;
				ENABLE_STRICT_OBJC_MSGSEND = YES;
				GCC_C_LANGUAGE_STANDARD = gnu11;
				GCC_NO_COMMON_BLOCKS = YES;
				GCC_WARN_64_TO_32_BIT_CONVERSION = YES;
				GCC_WARN_ABOUT_RETURN_TYPE = YES_ERROR;
				GCC_WARN_UNDECLARED_SELECTOR = YES;
				GCC_WARN_UNINITIALIZED_AUTOS = YES_AGGRESSIVE;
				GCC_WARN_UNUSED_FUNCTION = YES;
				GCC_WARN_UNUSED_VARIABLE = YES;
				IPHONEOS_DEPLOYMENT_TARGET = 14.1;
				MTL_ENABLE_DEBUG_INFO = NO;
				MTL_FAST_MATH = YES;
				SDKROOT = iphoneos;
				SWIFT_COMPILATION_MODE = wholemodule;
				SWIFT_OPTIMIZATION_LEVEL = "-O";
				VALIDATE_PRODUCT = YES;
			};
			name = Release;
		};
		95958E82255BF66000ED8081 /* Debug */ = {
			isa = XCBuildConfiguration;
			buildSettings = {
				ASSETCATALOG_COMPILER_APPICON_NAME = AppIcon;
				ASSETCATALOG_COMPILER_GLOBAL_ACCENT_COLOR_NAME = AccentColor;
				CODE_SIGN_STYLE = Automatic;
				DEVELOPMENT_TEAM = 59ZNF9VX3M;
				INFOPLIST_FILE = "la mia prima app/Info.plist";
				IPHONEOS_DEPLOYMENT_TARGET = 13.0;
				LD_RUNPATH_SEARCH_PATHS = (
					"$(inherited)",
					"@executable_path/Frameworks",
				);
				PRODUCT_BUNDLE_IDENTIFIER = "com.Matteo.la-mia-prima-app";
				PRODUCT_NAME = "$(TARGET_NAME)";
				SWIFT_VERSION = 5.0;
				TARGETED_DEVICE_FAMILY = "1,2";
			};
			name = Debug;
		};
		95958E83255BF66000ED8081 /* Release */ = {
			isa = XCBuildConfiguration;
			buildSettings = {
				ASSETCATALOG_COMPILER_APPICON_NAME = AppIcon;
				ASSETCATALOG_COMPILER_GLOBAL_ACCENT_COLOR_NAME = AccentColor;
				CODE_SIGN_STYLE = Automatic;
				DEVELOPMENT_TEAM = 59ZNF9VX3M;
				INFOPLIST_FILE = "la mia prima app/Info.plist";
				IPHONEOS_DEPLOYMENT_TARGET = 13.0;
				LD_RUNPATH_SEARCH_PATHS = (
					"$(inherited)",
					"@executable_path/Frameworks",
				);
				PRODUCT_BUNDLE_IDENTIFIER = "com.Matteo.la-mia-prima-app";
				PRODUCT_NAME = "$(TARGET_NAME)";
				SWIFT_VERSION = 5.0;
				TARGETED_DEVICE_FAMILY = "1,2";
			};
			name = Release;
		};
/* End XCBuildConfiguration section */

/* Begin XCConfigurationList section */
		95958E68255BF65E00ED8081 /* Build configuration list for PBXProject "la mia prima app" */ = {
			isa = XCConfigurationList;
			buildConfigurations = (
				95958E7F255BF66000ED8081 /* Debug */,
				95958E80255BF66000ED8081 /* Release */,
			);
			defaultConfigurationIsVisible = 0;
			defaultConfigurationName = Release;
		};
		95958E81255BF66000ED8081 /* Build configuration list for PBXNativeTarget "la mia prima app" */ = {
			isa = XCConfigurationList;
			buildConfigurations = (
				95958E82255BF66000ED8081 /* Debug */,
				95958E83255BF66000ED8081 /* Release */,
			);
			defaultConfigurationIsVisible = 0;
			defaultConfigurationName = Release;
		};
/* End XCConfigurationList section */
	};
	rootObject = 95958E65255BF65E00ED8081 /* Project object */;
}
